
Microsoft Visual Studio Solution File, Format Version 12.00
# Visual Studio 15
VisualStudioVersion = 15.0.27130.2027
MinimumVisualStudioVersion = 10.0.40219.1
Project("{9A19103F-16F7-4668-BE54-9A1E7A4F7556}") = "Trader", "Trader\Trader.csproj", "{128B8184-8742-45F8-BC3E-F9C7442937B3}"
EndProject
Project("{9A19103F-16F7-4668-BE54-9A1E7A4F7556}") = "Trader.Tests", "Trader.Tests\Trader.Tests.csproj", "{32A17109-DB5F-40E7-A314-F8774B4F3EFA}"
EndProject
Project("{9A19103F-16F7-4668-BE54-9A1E7A4F7556}") = "Trader.Runner", "Trader.Runner\Trader.Runner.csproj", "{7B091117-6B39-4D25-A8A2-9A83EF4FC20B}"
EndProject
Project("{9A19103F-16F7-4668-BE54-9A1E7A4F7556}") = "Trader.Performance", "Trader.Performance\Trader.Performance.csproj", "{F6A68864-D1B5-41C4-BEFF-9BE9EEACFEFE}"
EndProject
Global
	GlobalSection(SolutionConfigurationPlatforms) = preSolution
		Debug|Any CPU = Debug|Any CPU
		Release|Any CPU = Release|Any CPU
	EndGlobalSection
	GlobalSection(ProjectConfigurationPlatforms) = postSolution
		{128B8184-8742-45F8-BC3E-F9C7442937B3}.Debug|Any CPU.ActiveCfg = Debug|Any CPU
		{128B8184-8742-45F8-BC3E-F9C7442937B3}.Debug|Any CPU.Build.0 = Debug|Any CPU
		{128B8184-8742-45F8-BC3E-F9C7442937B3}.Release|Any CPU.ActiveCfg = Release|Any CPU
		{128B8184-8742-45F8-BC3E-F9C7442937B3}.Release|Any CPU.Build.0 = Release|Any CPU
		{32A17109-DB5F-40E7-A314-F8774B4F3EFA}.Debug|Any CPU.ActiveCfg = Debug|Any CPU
		{32A17109-DB5F-40E7-A314-F8774B4F3EFA}.Debug|Any CPU.Build.0 = Debug|Any CPU
		{32A17109-DB5F-40E7-A314-F8774B4F3EFA}.Release|Any CPU.ActiveCfg = Release|Any CPU
		{32A17109-DB5F-40E7-A314-F8774B4F3EFA}.Release|Any CPU.Build.0 = Release|Any CPU
		{7B091117-6B39-4D25-A8A2-9A83EF4FC20B}.Debug|Any CPU.ActiveCfg = Debug|Any CPU
		{7B091117-6B39-4D25-A8A2-9A83EF4FC20B}.Debug|Any CPU.Build.0 = Debug|Any CPU
		{7B091117-6B39-4D25-A8A2-9A83EF4FC20B}.Release|Any CPU.ActiveCfg = Release|Any CPU
		{7B091117-6B39-4D25-A8A2-9A83EF4FC20B}.Release|Any CPU.Build.0 = Release|Any CPU
		{F6A68864-D1B5-41C4-BEFF-9BE9EEACFEFE}.Debug|Any CPU.ActiveCfg = Debug|Any CPU
		{F6A68864-D1B5-41C4-BEFF-9BE9EEACFEFE}.Debug|Any CPU.Build.0 = Debug|Any CPU
		{F6A68864-D1B5-41C4-BEFF-9BE9EEACFEFE}.Release|Any CPU.ActiveCfg = Release|Any CPU
		{F6A68864-D1B5-41C4-BEFF-9BE9EEACFEFE}.Release|Any CPU.Build.0 = Release|Any CPU
	EndGlobalSection
	GlobalSection(SolutionProperties) = preSolution
		HideSolutionNode = FALSE
	EndGlobalSection
	GlobalSection(ExtensibilityGlobals) = postSolution
		SolutionGuid = {467EB7F6-35B7-4740-A236-62592A53D497}
	EndGlobalSection
EndGlobal
